
Microsoft Visual Studio Solution File, Format Version 12.00
# Visual Studio Version 17
VisualStudioVersion = 17.2.32526.322
MinimumVisualStudioVersion = 10.0.40219.1
Project("{FAE04EC0-301F-11D3-BF4B-00C04F79EFBC}") = "MGDesktopApp", "MGDesktopApp\MGDesktopApp.csproj", "{708C3F9F-9C65-49CD-B21C-DB87E0920E98}"
EndProject
Global
	GlobalSection(SolutionConfigurationPlatforms) = preSolution
		Debug|Any CPU = Debug|Any CPU
		Release|Any CPU = Release|Any CPU
	EndGlobalSection
	GlobalSection(ProjectConfigurationPlatforms) = postSolution
		{708C3F9F-9C65-49CD-B21C-DB87E0920E98}.Debug|Any CPU.ActiveCfg = Debug|Any CPU
		{708C3F9F-9C65-49CD-B21C-DB87E0920E98}.Debug|Any CPU.Build.0 = Debug|Any CPU
		{708C3F9F-9C65-49CD-B21C-DB87E0920E98}.Release|Any CPU.ActiveCfg = Release|Any CPU
		{708C3F9F-9C65-49CD-B21C-DB87E0920E98}.Release|Any CPU.Build.0 = Release|Any CPU
	EndGlobalSection
	GlobalSection(SolutionProperties) = preSolution
		HideSolutionNode = FALSE
	EndGlobalSection
	GlobalSection(ExtensibilityGlobals) = postSolution
		SolutionGuid = {247E3787-E27F-4043-957C-63EFC6C04A00}
	EndGlobalSection
EndGlobal
